
Microsoft Visual Studio Solution File, Format Version 12.00
# Visual Studio 15
Project("{FAE04EC0-301F-11D3-BF4B-00C04F79EFBC}") = "UnityEngine.TestRunner", "UnityEngine.TestRunner.csproj", "{99ACE7DC-9CFD-F611-63C3-F924D32AC245}"
EndProject
Project("{FAE04EC0-301F-11D3-BF4B-00C04F79EFBC}") = "Unity.Mathematics", "Unity.Mathematics.csproj", "{4B09B249-8D7C-320F-2D52-6F732E1DB95D}"
EndProject
Project("{FAE04EC0-301F-11D3-BF4B-00C04F79EFBC}") = "Unity.2D.Animation.Triangle.Runtime", "Unity.2D.Animation.Triangle.Runtime.csproj", "{6757C06F-F0CE-90D8-EA10-3E1E82D88666}"
EndProject
Project("{FAE04EC0-301F-11D3-BF4B-00C04F79EFBC}") = "Unity.Timeline", "Unity.Timeline.csproj", "{C081B7E0-A0F4-76A8-9544-22BAC6911EAF}"
EndProject
Project("{FAE04EC0-301F-11D3-BF4B-00C04F79EFBC}") = "UnityEngine.UI", "UnityEngine.UI.csproj", "{C77E0A0B-E17B-47FB-2DEB-82C22924ADEE}"
EndProject
Project("{FAE04EC0-301F-11D3-BF4B-00C04F79EFBC}") = "Unity.TextMeshPro", "Unity.TextMeshPro.csproj", "{7A088139-E08E-7D35-CC28-BCF9E883D97D}"
EndProject
Project("{FAE04EC0-301F-11D3-BF4B-00C04F79EFBC}") = "Unity.2D.Animation.Runtime", "Unity.2D.Animation.Runtime.csproj", "{6699ABFC-3BCF-8D68-76AC-E61AABE4948E}"
EndProject
Project("{FAE04EC0-301F-11D3-BF4B-00C04F79EFBC}") = "Unity.2D.IK.Runtime", "Unity.2D.IK.Runtime.csproj", "{179D5E7B-C10F-330E-83FD-FE007221DF2B}"
EndProject
Project("{FAE04EC0-301F-11D3-BF4B-00C04F79EFBC}") = "Unity.Notifications.Android", "Unity.Notifications.Android.csproj", "{B5EBAD6B-40B5-A3AF-B8FF-FA51842E9099}"
EndProject
Project("{FAE04EC0-301F-11D3-BF4B-00C04F79EFBC}") = "Unity.2D.SpriteShape.Runtime", "Unity.2D.SpriteShape.Runtime.csproj", "{AF96172E-A655-1B2D-E4D2-339DCE819BBB}"
EndProject
Project("{FAE04EC0-301F-11D3-BF4B-00C04F79EFBC}") = "Unity.Notifications.iOS", "Unity.Notifications.iOS.csproj", "{03B65405-12AD-E834-F262-943538DE0EE1}"
EndProject
Project("{FAE04EC0-301F-11D3-BF4B-00C04F79EFBC}") = "Unity.2D.PixelPerfect", "Unity.2D.PixelPerfect.csproj", "{AA9F2EED-7210-AC5E-98A6-8CC313F60BA2}"
EndProject
Project("{FAE04EC0-301F-11D3-BF4B-00C04F79EFBC}") = "Unity.2D.Common.Runtime", "Unity.2D.Common.Runtime.csproj", "{FB29F91B-84BB-388A-3E53-E0DB5A7BBA57}"
EndProject
Project("{FAE04EC0-301F-11D3-BF4B-00C04F79EFBC}") = "Unity.InternalAPIEngineBridge.001", "Unity.InternalAPIEngineBridge.001.csproj", "{9BEFD551-97DB-B3A3-3DA7-52195957F86C}"
EndProject
Project("{FAE04EC0-301F-11D3-BF4B-00C04F79EFBC}") = "Fungus", "Fungus.csproj", "{9F9282B6-30AF-3AA0-6D46-27FF57C46655}"
EndProject
Project("{FAE04EC0-301F-11D3-BF4B-00C04F79EFBC}") = "FungusExamples", "FungusExamples.csproj", "{4ACCA4D1-DEF6-60D3-B71F-BCABA6E6150A}"
EndProject
Project("{FAE04EC0-301F-11D3-BF4B-00C04F79EFBC}") = "UnityEditor.TestRunner", "UnityEditor.TestRunner.csproj", "{D2BB9CC9-CA8F-2673-2894-80FBAD1F12B2}"
EndProject
Project("{FAE04EC0-301F-11D3-BF4B-00C04F79EFBC}") = "UnityEditor.UI", "UnityEditor.UI.csproj", "{87D9396B-AB11-0433-8E34-CCC7F8A7FD8B}"
EndProject
Project("{FAE04EC0-301F-11D3-BF4B-00C04F79EFBC}") = "Unity.Timeline.Editor", "Unity.Timeline.Editor.csproj", "{6707E017-A50D-ED0B-4A09-A03D8EC705C6}"
EndProject
Project("{FAE04EC0-301F-11D3-BF4B-00C04F79EFBC}") = "Unity.VisualStudio.Editor", "Unity.VisualStudio.Editor.csproj", "{A4323CCE-5071-D0EF-FCF6-32546BDC41E5}"
EndProject
Project("{FAE04EC0-301F-11D3-BF4B-00C04F79EFBC}") = "Unity.2D.Psdimporter.Editor", "Unity.2D.Psdimporter.Editor.csproj", "{1B61C629-3EB8-B37C-BBDD-576335B88B7B}"
EndProject
Project("{FAE04EC0-301F-11D3-BF4B-00C04F79EFBC}") = "Unity.2D.Animation.Editor", "Unity.2D.Animation.Editor.csproj", "{FCA40202-57B7-DCAD-2F19-E2630E4CA983}"
EndProject
Project("{FAE04EC0-301F-11D3-BF4B-00C04F79EFBC}") = "Unity.TextMeshPro.Editor", "Unity.TextMeshPro.Editor.csproj", "{EA7C0A0D-2F6F-EB5D-2A45-3DC577870169}"
EndProject
Project("{FAE04EC0-301F-11D3-BF4B-00C04F79EFBC}") = "Unity.2D.SpriteShape.Editor", "Unity.2D.SpriteShape.Editor.csproj", "{BA880D73-C0C3-5BFB-5EC0-EA81F21D3DA3}"
EndProject
Project("{FAE04EC0-301F-11D3-BF4B-00C04F79EFBC}") = "Unity.CollabProxy.Editor", "Unity.CollabProxy.Editor.csproj", "{B7DEE5E4-C37D-E691-60CB-DE59A3351D84}"
EndProject
Project("{FAE04EC0-301F-11D3-BF4B-00C04F79EFBC}") = "PsdPlugin", "PsdPlugin.csproj", "{D20032B8-CFE0-0E81-58FD-CBFA48089F87}"
EndProject
Project("{FAE04EC0-301F-11D3-BF4B-00C04F79EFBC}") = "Unity.2D.Path.Editor", "Unity.2D.Path.Editor.csproj", "{5DBAE692-D6A7-FEFB-397F-FCF618409511}"
EndProject
Project("{FAE04EC0-301F-11D3-BF4B-00C04F79EFBC}") = "Unity.Mobile.AndroidLogcat.Editor", "Unity.Mobile.AndroidLogcat.Editor.csproj", "{35C85407-8A4D-1C9B-96F5-09D80EC2345A}"
EndProject
Project("{FAE04EC0-301F-11D3-BF4B-00C04F79EFBC}") = "Unity.Rider.Editor", "Unity.Rider.Editor.csproj", "{7F6E6090-BD5C-1327-AFE9-5BAB9898E734}"
EndProject
Project("{FAE04EC0-301F-11D3-BF4B-00C04F79EFBC}") = "Unity.2D.IK.Editor", "Unity.2D.IK.Editor.csproj", "{8B9B2D31-E6D2-C1E0-FC4C-7492A3598C23}"
EndProject
Project("{FAE04EC0-301F-11D3-BF4B-00C04F79EFBC}") = "Unity.2D.Sprite.Editor", "Unity.2D.Sprite.Editor.csproj", "{62943A29-96A1-49C5-2ED9-8B327ADCD05F}"
EndProject
Project("{FAE04EC0-301F-11D3-BF4B-00C04F79EFBC}") = "Unity.2D.Tilemap.Editor", "Unity.2D.Tilemap.Editor.csproj", "{526658BA-43F8-D7AE-2703-694EF3D12EED}"
EndProject
Project("{FAE04EC0-301F-11D3-BF4B-00C04F79EFBC}") = "Unity.2D.PixelPerfect.Editor", "Unity.2D.PixelPerfect.Editor.csproj", "{47ECB24C-C108-328C-664C-FF00370A65EA}"
EndProject
Project("{FAE04EC0-301F-11D3-BF4B-00C04F79EFBC}") = "Unity.VSCode.Editor", "Unity.VSCode.Editor.csproj", "{0FA01B09-EDE0-64D2-7FF2-178BF579119B}"
EndProject
Project("{FAE04EC0-301F-11D3-BF4B-00C04F79EFBC}") = "Unity.Notifications", "Unity.Notifications.csproj", "{B894C3AC-8AFF-2330-9E3E-D41938577B6E}"
EndProject
Project("{FAE04EC0-301F-11D3-BF4B-00C04F79EFBC}") = "Unity.2D.Common.Editor", "Unity.2D.Common.Editor.csproj", "{44495336-4F2C-6235-D0BC-487353809AC6}"
EndProject
Project("{FAE04EC0-301F-11D3-BF4B-00C04F79EFBC}") = "Unity.Mathematics.Editor", "Unity.Mathematics.Editor.csproj", "{23E96C54-902F-8312-18A2-3A48953A56CC}"
EndProject
Project("{FAE04EC0-301F-11D3-BF4B-00C04F79EFBC}") = "Unity.InternalAPIEditorBridge.001", "Unity.InternalAPIEditorBridge.001.csproj", "{B4890475-1ABC-ED92-261A-4FBD5B830E17}"
EndProject
Project("{FAE04EC0-301F-11D3-BF4B-00C04F79EFBC}") = "Fungus.UsfxrEditor", "Fungus.UsfxrEditor.csproj", "{817B6085-5A50-7982-BCAE-31A836042E03}"
EndProject
Project("{FAE04EC0-301F-11D3-BF4B-00C04F79EFBC}") = "FungusEditor", "FungusEditor.csproj", "{DB30407A-ECA8-56F0-4541-0A47A3BD40E6}"
EndProject
Project("{FAE04EC0-301F-11D3-BF4B-00C04F79EFBC}") = "Fungus.FungusLuaJSONCheckerEditor", "Fungus.FungusLuaJSONCheckerEditor.csproj", "{B5F47778-89A4-9560-3D96-17FDEA7C801E}"
EndProject
Project("{FAE04EC0-301F-11D3-BF4B-00C04F79EFBC}") = "Fungus.LineEndingsEditor", "Fungus.LineEndingsEditor.csproj", "{BADE2955-225A-CFC7-CBBB-54EA0721C4EF}"
EndProject
Project("{FAE04EC0-301F-11D3-BF4B-00C04F79EFBC}") = "Fungus.FungusLuaEditor", "Fungus.FungusLuaEditor.csproj", "{3FE585E6-2502-0BF8-B4A3-0F0EAAF1F13F}"
EndProject
Global
	GlobalSection(SolutionConfigurationPlatforms) = preSolution
		Debug|Any CPU = Debug|Any CPU
		Release|Any CPU = Release|Any CPU
	EndGlobalSection
	GlobalSection(ProjectConfigurationPlatforms) = postSolution
		{99ACE7DC-9CFD-F611-63C3-F924D32AC245}.Debug|Any CPU.ActiveCfg = Debug|Any CPU
		{99ACE7DC-9CFD-F611-63C3-F924D32AC245}.Debug|Any CPU.Build.0 = Debug|Any CPU
		{99ACE7DC-9CFD-F611-63C3-F924D32AC245}.Release|Any CPU.ActiveCfg = Release|Any CPU
		{99ACE7DC-9CFD-F611-63C3-F924D32AC245}.Release|Any CPU.Build.0 = Release|Any CPU
		{4B09B249-8D7C-320F-2D52-6F732E1DB95D}.Debug|Any CPU.ActiveCfg = Debug|Any CPU
		{4B09B249-8D7C-320F-2D52-6F732E1DB95D}.Debug|Any CPU.Build.0 = Debug|Any CPU
		{4B09B249-8D7C-320F-2D52-6F732E1DB95D}.Release|Any CPU.ActiveCfg = Release|Any CPU
		{4B09B249-8D7C-320F-2D52-6F732E1DB95D}.Release|Any CPU.Build.0 = Release|Any CPU
		{6757C06F-F0CE-90D8-EA10-3E1E82D88666}.Debug|Any CPU.ActiveCfg = Debug|Any CPU
		{6757C06F-F0CE-90D8-EA10-3E1E82D88666}.Debug|Any CPU.Build.0 = Debug|Any CPU
		{6757C06F-F0CE-90D8-EA10-3E1E82D88666}.Release|Any CPU.ActiveCfg = Release|Any CPU
		{6757C06F-F0CE-90D8-EA10-3E1E82D88666}.Release|Any CPU.Build.0 = Release|Any CPU
		{C081B7E0-A0F4-76A8-9544-22BAC6911EAF}.Debug|Any CPU.ActiveCfg = Debug|Any CPU
		{C081B7E0-A0F4-76A8-9544-22BAC6911EAF}.Debug|Any CPU.Build.0 = Debug|Any CPU
		{C081B7E0-A0F4-76A8-9544-22BAC6911EAF}.Release|Any CPU.ActiveCfg = Release|Any CPU
		{C081B7E0-A0F4-76A8-9544-22BAC6911EAF}.Release|Any CPU.Build.0 = Release|Any CPU
		{C77E0A0B-E17B-47FB-2DEB-82C22924ADEE}.Debug|Any CPU.ActiveCfg = Debug|Any CPU
		{C77E0A0B-E17B-47FB-2DEB-82C22924ADEE}.Debug|Any CPU.Build.0 = Debug|Any CPU
		{C77E0A0B-E17B-47FB-2DEB-82C22924ADEE}.Release|Any CPU.ActiveCfg = Release|Any CPU
		{C77E0A0B-E17B-47FB-2DEB-82C22924ADEE}.Release|Any CPU.Build.0 = Release|Any CPU
		{7A088139-E08E-7D35-CC28-BCF9E883D97D}.Debug|Any CPU.ActiveCfg = Debug|Any CPU
		{7A088139-E08E-7D35-CC28-BCF9E883D97D}.Debug|Any CPU.Build.0 = Debug|Any CPU
		{7A088139-E08E-7D35-CC28-BCF9E883D97D}.Release|Any CPU.ActiveCfg = Release|Any CPU
		{7A088139-E08E-7D35-CC28-BCF9E883D97D}.Release|Any CPU.Build.0 = Release|Any CPU
		{6699ABFC-3BCF-8D68-76AC-E61AABE4948E}.Debug|Any CPU.ActiveCfg = Debug|Any CPU
		{6699ABFC-3BCF-8D68-76AC-E61AABE4948E}.Debug|Any CPU.Build.0 = Debug|Any CPU
		{6699ABFC-3BCF-8D68-76AC-E61AABE4948E}.Release|Any CPU.ActiveCfg = Release|Any CPU
		{6699ABFC-3BCF-8D68-76AC-E61AABE4948E}.Release|Any CPU.Build.0 = Release|Any CPU
		{179D5E7B-C10F-330E-83FD-FE007221DF2B}.Debug|Any CPU.ActiveCfg = Debug|Any CPU
		{179D5E7B-C10F-330E-83FD-FE007221DF2B}.Debug|Any CPU.Build.0 = Debug|Any CPU
		{179D5E7B-C10F-330E-83FD-FE007221DF2B}.Release|Any CPU.ActiveCfg = Release|Any CPU
		{179D5E7B-C10F-330E-83FD-FE007221DF2B}.Release|Any CPU.Build.0 = Release|Any CPU
		{B5EBAD6B-40B5-A3AF-B8FF-FA51842E9099}.Debug|Any CPU.ActiveCfg = Debug|Any CPU
		{B5EBAD6B-40B5-A3AF-B8FF-FA51842E9099}.Debug|Any CPU.Build.0 = Debug|Any CPU
		{B5EBAD6B-40B5-A3AF-B8FF-FA51842E9099}.Release|Any CPU.ActiveCfg = Release|Any CPU
		{B5EBAD6B-40B5-A3AF-B8FF-FA51842E9099}.Release|Any CPU.Build.0 = Release|Any CPU
		{AF96172E-A655-1B2D-E4D2-339DCE819BBB}.Debug|Any CPU.ActiveCfg = Debug|Any CPU
		{AF96172E-A655-1B2D-E4D2-339DCE819BBB}.Debug|Any CPU.Build.0 = Debug|Any CPU
		{AF96172E-A655-1B2D-E4D2-339DCE819BBB}.Release|Any CPU.ActiveCfg = Release|Any CPU
		{AF96172E-A655-1B2D-E4D2-339DCE819BBB}.Release|Any CPU.Build.0 = Release|Any CPU
		{03B65405-12AD-E834-F262-943538DE0EE1}.Debug|Any CPU.ActiveCfg = Debug|Any CPU
		{03B65405-12AD-E834-F262-943538DE0EE1}.Debug|Any CPU.Build.0 = Debug|Any CPU
		{03B65405-12AD-E834-F262-943538DE0EE1}.Release|Any CPU.ActiveCfg = Release|Any CPU
		{03B65405-12AD-E834-F262-943538DE0EE1}.Release|Any CPU.Build.0 = Release|Any CPU
		{AA9F2EED-7210-AC5E-98A6-8CC313F60BA2}.Debug|Any CPU.ActiveCfg = Debug|Any CPU
		{AA9F2EED-7210-AC5E-98A6-8CC313F60BA2}.Debug|Any CPU.Build.0 = Debug|Any CPU
		{AA9F2EED-7210-AC5E-98A6-8CC313F60BA2}.Release|Any CPU.ActiveCfg = Release|Any CPU
		{AA9F2EED-7210-AC5E-98A6-8CC313F60BA2}.Release|Any CPU.Build.0 = Release|Any CPU
		{FB29F91B-84BB-388A-3E53-E0DB5A7BBA57}.Debug|Any CPU.ActiveCfg = Debug|Any CPU
		{FB29F91B-84BB-388A-3E53-E0DB5A7BBA57}.Debug|Any CPU.Build.0 = Debug|Any CPU
		{FB29F91B-84BB-388A-3E53-E0DB5A7BBA57}.Release|Any CPU.ActiveCfg = Release|Any CPU
		{FB29F91B-84BB-388A-3E53-E0DB5A7BBA57}.Release|Any CPU.Build.0 = Release|Any CPU
		{9BEFD551-97DB-B3A3-3DA7-52195957F86C}.Debug|Any CPU.ActiveCfg = Debug|Any CPU
		{9BEFD551-97DB-B3A3-3DA7-52195957F86C}.Debug|Any CPU.Build.0 = Debug|Any CPU
		{9BEFD551-97DB-B3A3-3DA7-52195957F86C}.Release|Any CPU.ActiveCfg = Release|Any CPU
		{9BEFD551-97DB-B3A3-3DA7-52195957F86C}.Release|Any CPU.Build.0 = Release|Any CPU
		{9F9282B6-30AF-3AA0-6D46-27FF57C46655}.Debug|Any CPU.ActiveCfg = Debug|Any CPU
		{9F9282B6-30AF-3AA0-6D46-27FF57C46655}.Debug|Any CPU.Build.0 = Debug|Any CPU
		{9F9282B6-30AF-3AA0-6D46-27FF57C46655}.Release|Any CPU.ActiveCfg = Release|Any CPU
		{9F9282B6-30AF-3AA0-6D46-27FF57C46655}.Release|Any CPU.Build.0 = Release|Any CPU
		{4ACCA4D1-DEF6-60D3-B71F-BCABA6E6150A}.Debug|Any CPU.ActiveCfg = Debug|Any CPU
		{4ACCA4D1-DEF6-60D3-B71F-BCABA6E6150A}.Debug|Any CPU.Build.0 = Debug|Any CPU
		{4ACCA4D1-DEF6-60D3-B71F-BCABA6E6150A}.Release|Any CPU.ActiveCfg = Release|Any CPU
		{4ACCA4D1-DEF6-60D3-B71F-BCABA6E6150A}.Release|Any CPU.Build.0 = Release|Any CPU
		{D2BB9CC9-CA8F-2673-2894-80FBAD1F12B2}.Debug|Any CPU.ActiveCfg = Debug|Any CPU
		{D2BB9CC9-CA8F-2673-2894-80FBAD1F12B2}.Debug|Any CPU.Build.0 = Debug|Any CPU
		{D2BB9CC9-CA8F-2673-2894-80FBAD1F12B2}.Release|Any CPU.ActiveCfg = Release|Any CPU
		{D2BB9CC9-CA8F-2673-2894-80FBAD1F12B2}.Release|Any CPU.Build.0 = Release|Any CPU
		{87D9396B-AB11-0433-8E34-CCC7F8A7FD8B}.Debug|Any CPU.ActiveCfg = Debug|Any CPU
		{87D9396B-AB11-0433-8E34-CCC7F8A7FD8B}.Debug|Any CPU.Build.0 = Debug|Any CPU
		{87D9396B-AB11-0433-8E34-CCC7F8A7FD8B}.Release|Any CPU.ActiveCfg = Release|Any CPU
		{87D9396B-AB11-0433-8E34-CCC7F8A7FD8B}.Release|Any CPU.Build.0 = Release|Any CPU
		{6707E017-A50D-ED0B-4A09-A03D8EC705C6}.Debug|Any CPU.ActiveCfg = Debug|Any CPU
		{6707E017-A50D-ED0B-4A09-A03D8EC705C6}.Debug|Any CPU.Build.0 = Debug|Any CPU
		{6707E017-A50D-ED0B-4A09-A03D8EC705C6}.Release|Any CPU.ActiveCfg = Release|Any CPU
		{6707E017-A50D-ED0B-4A09-A03D8EC705C6}.Release|Any CPU.Build.0 = Release|Any CPU
		{A4323CCE-5071-D0EF-FCF6-32546BDC41E5}.Debug|Any CPU.ActiveCfg = Debug|Any CPU
		{A4323CCE-5071-D0EF-FCF6-32546BDC41E5}.Debug|Any CPU.Build.0 = Debug|Any CPU
		{A4323CCE-5071-D0EF-FCF6-32546BDC41E5}.Release|Any CPU.ActiveCfg = Release|Any CPU
		{A4323CCE-5071-D0EF-FCF6-32546BDC41E5}.Release|Any CPU.Build.0 = Release|Any CPU
		{1B61C629-3EB8-B37C-BBDD-576335B88B7B}.Debug|Any CPU.ActiveCfg = Debug|Any CPU
		{1B61C629-3EB8-B37C-BBDD-576335B88B7B}.Debug|Any CPU.Build.0 = Debug|Any CPU
		{1B61C629-3EB8-B37C-BBDD-576335B88B7B}.Release|Any CPU.ActiveCfg = Release|Any CPU
		{1B61C629-3EB8-B37C-BBDD-576335B88B7B}.Release|Any CPU.Build.0 = Release|Any CPU
		{FCA40202-57B7-DCAD-2F19-E2630E4CA983}.Debug|Any CPU.ActiveCfg = Debug|Any CPU
		{FCA40202-57B7-DCAD-2F19-E2630E4CA983}.Debug|Any CPU.Build.0 = Debug|Any CPU
		{FCA40202-57B7-DCAD-2F19-E2630E4CA983}.Release|Any CPU.ActiveCfg = Release|Any CPU
		{FCA40202-57B7-DCAD-2F19-E2630E4CA983}.Release|Any CPU.Build.0 = Release|Any CPU
		{EA7C0A0D-2F6F-EB5D-2A45-3DC577870169}.Debug|Any CPU.ActiveCfg = Debug|Any CPU
		{EA7C0A0D-2F6F-EB5D-2A45-3DC577870169}.Debug|Any CPU.Build.0 = Debug|Any CPU
		{EA7C0A0D-2F6F-EB5D-2A45-3DC577870169}.Release|Any CPU.ActiveCfg = Release|Any CPU
		{EA7C0A0D-2F6F-EB5D-2A45-3DC577870169}.Release|Any CPU.Build.0 = Release|Any CPU
		{BA880D73-C0C3-5BFB-5EC0-EA81F21D3DA3}.Debug|Any CPU.ActiveCfg = Debug|Any CPU
		{BA880D73-C0C3-5BFB-5EC0-EA81F21D3DA3}.Debug|Any CPU.Build.0 = Debug|Any CPU
		{BA880D73-C0C3-5BFB-5EC0-EA81F21D3DA3}.Release|Any CPU.ActiveCfg = Release|Any CPU
		{BA880D73-C0C3-5BFB-5EC0-EA81F21D3DA3}.Release|Any CPU.Build.0 = Release|Any CPU
		{B7DEE5E4-C37D-E691-60CB-DE59A3351D84}.Debug|Any CPU.ActiveCfg = Debug|Any CPU
		{B7DEE5E4-C37D-E691-60CB-DE59A3351D84}.Debug|Any CPU.Build.0 = Debug|Any CPU
		{B7DEE5E4-C37D-E691-60CB-DE59A3351D84}.Release|Any CPU.ActiveCfg = Release|Any CPU
		{B7DEE5E4-C37D-E691-60CB-DE59A3351D84}.Release|Any CPU.Build.0 = Release|Any CPU
		{D20032B8-CFE0-0E81-58FD-CBFA48089F87}.Debug|Any CPU.ActiveCfg = Debug|Any CPU
		{D20032B8-CFE0-0E81-58FD-CBFA48089F87}.Debug|Any CPU.Build.0 = Debug|Any CPU
		{D20032B8-CFE0-0E81-58FD-CBFA48089F87}.Release|Any CPU.ActiveCfg = Release|Any CPU
		{D20032B8-CFE0-0E81-58FD-CBFA48089F87}.Release|Any CPU.Build.0 = Release|Any CPU
		{5DBAE692-D6A7-FEFB-397F-FCF618409511}.Debug|Any CPU.ActiveCfg = Debug|Any CPU
		{5DBAE692-D6A7-FEFB-397F-FCF618409511}.Debug|Any CPU.Build.0 = Debug|Any CPU
		{5DBAE692-D6A7-FEFB-397F-FCF618409511}.Release|Any CPU.ActiveCfg = Release|Any CPU
		{5DBAE692-D6A7-FEFB-397F-FCF618409511}.Release|Any CPU.Build.0 = Release|Any CPU
		{35C85407-8A4D-1C9B-96F5-09D80EC2345A}.Debug|Any CPU.ActiveCfg = Debug|Any CPU
		{35C85407-8A4D-1C9B-96F5-09D80EC2345A}.Debug|Any CPU.Build.0 = Debug|Any CPU
		{35C85407-8A4D-1C9B-96F5-09D80EC2345A}.Release|Any CPU.ActiveCfg = Release|Any CPU
		{35C85407-8A4D-1C9B-96F5-09D80EC2345A}.Release|Any CPU.Build.0 = Release|Any CPU
		{7F6E6090-BD5C-1327-AFE9-5BAB9898E734}.Debug|Any CPU.ActiveCfg = Debug|Any CPU
		{7F6E6090-BD5C-1327-AFE9-5BAB9898E734}.Debug|Any CPU.Build.0 = Debug|Any CPU
		{7F6E6090-BD5C-1327-AFE9-5BAB9898E734}.Release|Any CPU.ActiveCfg = Release|Any CPU
		{7F6E6090-BD5C-1327-AFE9-5BAB9898E734}.Release|Any CPU.Build.0 = Release|Any CPU
		{8B9B2D31-E6D2-C1E0-FC4C-7492A3598C23}.Debug|Any CPU.ActiveCfg = Debug|Any CPU
		{8B9B2D31-E6D2-C1E0-FC4C-7492A3598C23}.Debug|Any CPU.Build.0 = Debug|Any CPU
		{8B9B2D31-E6D2-C1E0-FC4C-7492A3598C23}.Release|Any CPU.ActiveCfg = Release|Any CPU
		{8B9B2D31-E6D2-C1E0-FC4C-7492A3598C23}.Release|Any CPU.Build.0 = Release|Any CPU
		{62943A29-96A1-49C5-2ED9-8B327ADCD05F}.Debug|Any CPU.ActiveCfg = Debug|Any CPU
		{62943A29-96A1-49C5-2ED9-8B327ADCD05F}.Debug|Any CPU.Build.0 = Debug|Any CPU
		{62943A29-96A1-49C5-2ED9-8B327ADCD05F}.Release|Any CPU.ActiveCfg = Release|Any CPU
		{62943A29-96A1-49C5-2ED9-8B327ADCD05F}.Release|Any CPU.Build.0 = Release|Any CPU
		{526658BA-43F8-D7AE-2703-694EF3D12EED}.Debug|Any CPU.ActiveCfg = Debug|Any CPU
		{526658BA-43F8-D7AE-2703-694EF3D12EED}.Debug|Any CPU.Build.0 = Debug|Any CPU
		{526658BA-43F8-D7AE-2703-694EF3D12EED}.Release|Any CPU.ActiveCfg = Release|Any CPU
		{526658BA-43F8-D7AE-2703-694EF3D12EED}.Release|Any CPU.Build.0 = Release|Any CPU
		{47ECB24C-C108-328C-664C-FF00370A65EA}.Debug|Any CPU.ActiveCfg = Debug|Any CPU
		{47ECB24C-C108-328C-664C-FF00370A65EA}.Debug|Any CPU.Build.0 = Debug|Any CPU
		{47ECB24C-C108-328C-664C-FF00370A65EA}.Release|Any CPU.ActiveCfg = Release|Any CPU
		{47ECB24C-C108-328C-664C-FF00370A65EA}.Release|Any CPU.Build.0 = Release|Any CPU
		{0FA01B09-EDE0-64D2-7FF2-178BF579119B}.Debug|Any CPU.ActiveCfg = Debug|Any CPU
		{0FA01B09-EDE0-64D2-7FF2-178BF579119B}.Debug|Any CPU.Build.0 = Debug|Any CPU
		{0FA01B09-EDE0-64D2-7FF2-178BF579119B}.Release|Any CPU.ActiveCfg = Release|Any CPU
		{0FA01B09-EDE0-64D2-7FF2-178BF579119B}.Release|Any CPU.Build.0 = Release|Any CPU
		{B894C3AC-8AFF-2330-9E3E-D41938577B6E}.Debug|Any CPU.ActiveCfg = Debug|Any CPU
		{B894C3AC-8AFF-2330-9E3E-D41938577B6E}.Debug|Any CPU.Build.0 = Debug|Any CPU
		{B894C3AC-8AFF-2330-9E3E-D41938577B6E}.Release|Any CPU.ActiveCfg = Release|Any CPU
		{B894C3AC-8AFF-2330-9E3E-D41938577B6E}.Release|Any CPU.Build.0 = Release|Any CPU
		{44495336-4F2C-6235-D0BC-487353809AC6}.Debug|Any CPU.ActiveCfg = Debug|Any CPU
		{44495336-4F2C-6235-D0BC-487353809AC6}.Debug|Any CPU.Build.0 = Debug|Any CPU
		{44495336-4F2C-6235-D0BC-487353809AC6}.Release|Any CPU.ActiveCfg = Release|Any CPU
		{44495336-4F2C-6235-D0BC-487353809AC6}.Release|Any CPU.Build.0 = Release|Any CPU
		{23E96C54-902F-8312-18A2-3A48953A56CC}.Debug|Any CPU.ActiveCfg = Debug|Any CPU
		{23E96C54-902F-8312-18A2-3A48953A56CC}.Debug|Any CPU.Build.0 = Debug|Any CPU
		{23E96C54-902F-8312-18A2-3A48953A56CC}.Release|Any CPU.ActiveCfg = Release|Any CPU
		{23E96C54-902F-8312-18A2-3A48953A56CC}.Release|Any CPU.Build.0 = Release|Any CPU
		{B4890475-1ABC-ED92-261A-4FBD5B830E17}.Debug|Any CPU.ActiveCfg = Debug|Any CPU
		{B4890475-1ABC-ED92-261A-4FBD5B830E17}.Debug|Any CPU.Build.0 = Debug|Any CPU
		{B4890475-1ABC-ED92-261A-4FBD5B830E17}.Release|Any CPU.ActiveCfg = Release|Any CPU
		{B4890475-1ABC-ED92-261A-4FBD5B830E17}.Release|Any CPU.Build.0 = Release|Any CPU
		{817B6085-5A50-7982-BCAE-31A836042E03}.Debug|Any CPU.ActiveCfg = Debug|Any CPU
		{817B6085-5A50-7982-BCAE-31A836042E03}.Debug|Any CPU.Build.0 = Debug|Any CPU
		{817B6085-5A50-7982-BCAE-31A836042E03}.Release|Any CPU.ActiveCfg = Release|Any CPU
		{817B6085-5A50-7982-BCAE-31A836042E03}.Release|Any CPU.Build.0 = Release|Any CPU
		{DB30407A-ECA8-56F0-4541-0A47A3BD40E6}.Debug|Any CPU.ActiveCfg = Debug|Any CPU
		{DB30407A-ECA8-56F0-4541-0A47A3BD40E6}.Debug|Any CPU.Build.0 = Debug|Any CPU
		{DB30407A-ECA8-56F0-4541-0A47A3BD40E6}.Release|Any CPU.ActiveCfg = Release|Any CPU
		{DB30407A-ECA8-56F0-4541-0A47A3BD40E6}.Release|Any CPU.Build.0 = Release|Any CPU
		{B5F47778-89A4-9560-3D96-17FDEA7C801E}.Debug|Any CPU.ActiveCfg = Debug|Any CPU
		{B5F47778-89A4-9560-3D96-17FDEA7C801E}.Debug|Any CPU.Build.0 = Debug|Any CPU
		{B5F47778-89A4-9560-3D96-17FDEA7C801E}.Release|Any CPU.ActiveCfg = Release|Any CPU
		{B5F47778-89A4-9560-3D96-17FDEA7C801E}.Release|Any CPU.Build.0 = Release|Any CPU
		{BADE2955-225A-CFC7-CBBB-54EA0721C4EF}.Debug|Any CPU.ActiveCfg = Debug|Any CPU
		{BADE2955-225A-CFC7-CBBB-54EA0721C4EF}.Debug|Any CPU.Build.0 = Debug|Any CPU
		{BADE2955-225A-CFC7-CBBB-54EA0721C4EF}.Release|Any CPU.ActiveCfg = Release|Any CPU
		{BADE2955-225A-CFC7-CBBB-54EA0721C4EF}.Release|Any CPU.Build.0 = Release|Any CPU
		{3FE585E6-2502-0BF8-B4A3-0F0EAAF1F13F}.Debug|Any CPU.ActiveCfg = Debug|Any CPU
		{3FE585E6-2502-0BF8-B4A3-0F0EAAF1F13F}.Debug|Any CPU.Build.0 = Debug|Any CPU
		{3FE585E6-2502-0BF8-B4A3-0F0EAAF1F13F}.Release|Any CPU.ActiveCfg = Release|Any CPU
		{3FE585E6-2502-0BF8-B4A3-0F0EAAF1F13F}.Release|Any CPU.Build.0 = Release|Any CPU
	EndGlobalSection
	GlobalSection(SolutionProperties) = preSolution
		HideSolutionNode = FALSE
	EndGlobalSection
EndGlobal
